
Microsoft Visual Studio Solution File, Format Version 12.00
# Visual Studio Version 17
VisualStudioVersion = 17.0.31903.59
MinimumVisualStudioVersion = 10.0.40219.1
Project("{FAE04EC0-301F-11D3-BF4B-00C04F79EFBC}") = "EmpleadosAPI", "EmpleadosAPI\EmpleadosAPI.csproj", "{0BE1110D-285B-44E1-90F2-8E15B08EC248}"
EndProject
Project("{FAE04EC0-301F-11D3-BF4B-00C04F79EFBC}") = "EmpleadosMVC", "EmpleadosMVC\EmpleadosMVC.csproj", "{E1DB85A7-DE29-4FD7-9A6B-C2AAD232209B}"
EndProject
Project("{FAE04EC0-301F-11D3-BF4B-00C04F79EFBC}") = "Empleados.Models", "Empleados.Models\Empleados.Models.csproj", "{663DCB15-A79A-43FA-B074-FE844E05F392}"
EndProject
Project("{FAE04EC0-301F-11D3-BF4B-00C04F79EFBC}") = "Empleados.DataAccess", "Empleados.DataAccess\Empleados.DataAccess.csproj", "{2128FF7A-334F-45FE-9C04-DE558B900C59}"
EndProject
Project("{FAE04EC0-301F-11D3-BF4B-00C04F79EFBC}") = "Empleados.Business", "Empleados.Business\Empleados.Business.csproj", "{D7E1457C-AD96-403B-89EE-B78318E7728A}"
EndProject
Global
	GlobalSection(SolutionConfigurationPlatforms) = preSolution
		Debug|Any CPU = Debug|Any CPU
		Release|Any CPU = Release|Any CPU
	EndGlobalSection
	GlobalSection(SolutionProperties) = preSolution
		HideSolutionNode = FALSE
	EndGlobalSection
	GlobalSection(ProjectConfigurationPlatforms) = postSolution
		{0BE1110D-285B-44E1-90F2-8E15B08EC248}.Debug|Any CPU.ActiveCfg = Debug|Any CPU
		{0BE1110D-285B-44E1-90F2-8E15B08EC248}.Debug|Any CPU.Build.0 = Debug|Any CPU
		{0BE1110D-285B-44E1-90F2-8E15B08EC248}.Release|Any CPU.ActiveCfg = Release|Any CPU
		{0BE1110D-285B-44E1-90F2-8E15B08EC248}.Release|Any CPU.Build.0 = Release|Any CPU
		{E1DB85A7-DE29-4FD7-9A6B-C2AAD232209B}.Debug|Any CPU.ActiveCfg = Debug|Any CPU
		{E1DB85A7-DE29-4FD7-9A6B-C2AAD232209B}.Debug|Any CPU.Build.0 = Debug|Any CPU
		{E1DB85A7-DE29-4FD7-9A6B-C2AAD232209B}.Release|Any CPU.ActiveCfg = Release|Any CPU
		{E1DB85A7-DE29-4FD7-9A6B-C2AAD232209B}.Release|Any CPU.Build.0 = Release|Any CPU
		{663DCB15-A79A-43FA-B074-FE844E05F392}.Debug|Any CPU.ActiveCfg = Debug|Any CPU
		{663DCB15-A79A-43FA-B074-FE844E05F392}.Debug|Any CPU.Build.0 = Debug|Any CPU
		{663DCB15-A79A-43FA-B074-FE844E05F392}.Release|Any CPU.ActiveCfg = Release|Any CPU
		{663DCB15-A79A-43FA-B074-FE844E05F392}.Release|Any CPU.Build.0 = Release|Any CPU
		{2128FF7A-334F-45FE-9C04-DE558B900C59}.Debug|Any CPU.ActiveCfg = Debug|Any CPU
		{2128FF7A-334F-45FE-9C04-DE558B900C59}.Debug|Any CPU.Build.0 = Debug|Any CPU
		{2128FF7A-334F-45FE-9C04-DE558B900C59}.Release|Any CPU.ActiveCfg = Release|Any CPU
		{2128FF7A-334F-45FE-9C04-DE558B900C59}.Release|Any CPU.Build.0 = Release|Any CPU
		{D7E1457C-AD96-403B-89EE-B78318E7728A}.Debug|Any CPU.ActiveCfg = Debug|Any CPU
		{D7E1457C-AD96-403B-89EE-B78318E7728A}.Debug|Any CPU.Build.0 = Debug|Any CPU
		{D7E1457C-AD96-403B-89EE-B78318E7728A}.Release|Any CPU.ActiveCfg = Release|Any CPU
		{D7E1457C-AD96-403B-89EE-B78318E7728A}.Release|Any CPU.Build.0 = Release|Any CPU
	EndGlobalSection
EndGlobal
